%{
  "decimal": {:hex, :decimal, "2.0.0", "a78296e617b0f5dd4c6caf57c714431347912ffb1d0842e998e9792b5642d697", [:mix], [], "hexpm", "34666e9c55dea81013e77d9d87370fe6cb6291d1ef32f46a1600230b1d44f577"},
  "gen_stage": {:hex, :gen_stage, "1.0.0", "51c8ae56ff54f9a2a604ca583798c210ad245f415115453b773b621c49776df5", [:mix], [], "hexpm", "1d9fc978db5305ac54e6f5fec7adf80cd893b1000cf78271564c516aa2af7706"},
  "moneyex": {:hex, :moneyex, "0.1.1", "569779eb9f2facda9700a4a985e48336bba6dee3571530b19d851312b08b010b", [:mix], [], "hexpm", "bbaa9ead237a63c88e27997916e617bfb1fc2bc7adba4eecd15dd7ed62ce5fae"},
}
